// !$*UTF8*$!
{
	archiveVersion = 1;
	classes = {
	};
	objectVersion = 46;
	objects = {

/* Begin PBXBuildFile section */
		41BE3E3A1A22324400327340 /* main.m in Sources */ = {isa = PBXBuildFile; fileRef = 41BE3E391A22324400327340 /* main.m */; };
		41BE3E3D1A22324400327340 /* AppDelegate.m in Sources */ = {isa = PBXBuildFile; fileRef = 41BE3E3C1A22324400327340 /* AppDelegate.m */; };
		41BE3E401A22324400327340 /* ViewController.m in Sources */ = {isa = PBXBuildFile; fileRef = 41BE3E3F1A22324400327340 /* ViewController.m */; };
		41BE3E431A22324400327340 /* Main.storyboard in Resources */ = {isa = PBXBuildFile; fileRef = 41BE3E411A22324400327340 /* Main.storyboard */; };
		41BE3E451A22324500327340 /* Images.xcassets in Resources */ = {isa = PBXBuildFile; fileRef = 41BE3E441A22324500327340 /* Images.xcassets */; };
		41BE3E481A22324500327340 /* LaunchScreen.xib in Resources */ = {isa = PBXBuildFile; fileRef = 41BE3E461A22324500327340 /* LaunchScreen.xib */; };
		41BE3E541A22324500327340 /* Turn_AroundTests.m in Sources */ = {isa = PBXBuildFile; fileRef = 41BE3E531A22324500327340 /* Turn_AroundTests.m */; };
/* End PBXBuildFile section */

/* Begin PBXContainerItemProxy section */
		41BE3E4E1A22324500327340 /* PBXContainerItemProxy */ = {
			isa = PBXContainerItemProxy;
			containerPortal = 41BE3E2C1A22324300327340 /* Project object */;
			proxyType = 1;
			remoteGlobalIDString = 41BE3E331A22324400327340;
			remoteInfo = "Turn Around";
		};
/* End PBXContainerItemProxy section */

/* Begin PBXFileReference section */
		41BE3E341A22324400327340 /* Turn Around.app */ = {isa = PBXFileReference; explicitFileType = wrapper.application; includeInIndex = 0; path = "Turn Around.app"; sourceTree = BUILT_PRODUCTS_DIR; };
		41BE3E381A22324400327340 /* Info.plist */ = {isa = PBXFileReference; lastKnownFileType = text.plist.xml; path = Info.plist; sourceTree = "<group>"; };
		41BE3E391A22324400327340 /* main.m */ = {isa = PBXFileReference; lastKnownFileType = sourcecode.c.objc; path = main.m; sourceTree = "<group>"; };
		41BE3E3B1A22324400327340 /* AppDelegate.h */ = {isa = PBXFileReference; lastKnownFileType = sourcecode.c.h; path = AppDelegate.h; sourceTree = "<group>"; };
		41BE3E3C1A22324400327340 /* AppDelegate.m */ = {isa = PBXFileReference; lastKnownFileType = sourcecode.c.objc; path = AppDelegate.m; sourceTree = "<group>"; };
		41BE3E3E1A22324400327340 /* ViewController.h */ = {isa = PBXFileReference; lastKnownFileType = sourcecode.c.h; path = ViewController.h; sourceTree = "<group>"; };
		41BE3E3F1A22324400327340 /* ViewController.m */ = {isa = PBXFileReference; lastKnownFileType = sourcecode.c.objc; path = ViewController.m; sourceTree = "<group>"; };
		41BE3E421A22324400327340 /* Base */ = {isa = PBXFileReference; lastKnownFileType = file.storyboard; name = Base; path = Base.lproj/Main.storyboard; sourceTree = "<group>"; };
		41BE3E441A22324500327340 /* Images.xcassets */ = {isa = PBXFileReference; lastKnownFileType = folder.assetcatalog; path = Images.xcassets; sourceTree = "<group>"; };
		41BE3E471A22324500327340 /* Base */ = {isa = PBXFileReference; lastKnownFileType = file.xib; name = Base; path = Base.lproj/LaunchScreen.xib; sourceTree = "<group>"; };
		41BE3E4D1A22324500327340 /* Turn AroundTests.xctest */ = {isa = PBXFileReference; explicitFileType = wrapper.cfbundle; includeInIndex = 0; path = "Turn AroundTests.xctest"; sourceTree = BUILT_PRODUCTS_DIR; };
		41BE3E521A22324500327340 /* Info.plist */ = {isa = PBXFileReference; lastKnownFileType = text.plist.xml; path = Info.plist; sourceTree = "<group>"; };
		41BE3E531A22324500327340 /* Turn_AroundTests.m */ = {isa = PBXFileReference; lastKnownFileType = sourcecode.c.objc; path = Turn_AroundTests.m; sourceTree = "<group>"; };
/* End PBXFileReference section */

/* Begin PBXFrameworksBuildPhase section */
		41BE3E311A22324400327340 /* Frameworks */ = {
			isa = PBXFrameworksBuildPhase;
			buildActionMask = 2147483647;
			files = (
			);
			runOnlyForDeploymentPostprocessing = 0;
		};
		41BE3E4A1A22324500327340 /* Frameworks */ = {
			isa = PBXFrameworksBuildPhase;
			buildActionMask = 2147483647;
			files = (
			);
			runOnlyForDeploymentPostprocessing = 0;
		};
/* End PBXFrameworksBuildPhase section */

/* Begin PBXGroup section */
		41BE3E2B1A22324300327340 = {
			isa = PBXGroup;
			children = (
				41BE3E361A22324400327340 /* Turn Around */,
				41BE3E501A22324500327340 /* Turn AroundTests */,
				41BE3E351A22324400327340 /* Products */,
			);
			sourceTree = "<group>";
		};
		41BE3E351A22324400327340 /* Products */ = {
			isa = PBXGroup;
			children = (
				41BE3E341A22324400327340 /* Turn Around.app */,
				41BE3E4D1A22324500327340 /* Turn AroundTests.xctest */,
			);
			name = Products;
			sourceTree = "<group>";
		};
		41BE3E361A22324400327340 /* Turn Around */ = {
			isa = PBXGroup;
			children = (
				41BE3E3B1A22324400327340 /* AppDelegate.h */,
				41BE3E3C1A22324400327340 /* AppDelegate.m */,
				41BE3E3E1A22324400327340 /* ViewController.h */,
				41BE3E3F1A22324400327340 /* ViewController.m */,
				41BE3E411A22324400327340 /* Main.storyboard */,
				41BE3E441A22324500327340 /* Images.xcassets */,
				41BE3E461A22324500327340 /* LaunchScreen.xib */,
				41BE3E371A22324400327340 /* Supporting Files */,
			);
			path = "Turn Around";
			sourceTree = "<group>";
		};
		41BE3E371A22324400327340 /* Supporting Files */ = {
			isa = PBXGroup;
			children = (
				41BE3E381A22324400327340 /* Info.plist */,
				41BE3E391A22324400327340 /* main.m */,
			);
			name = "Supporting Files";
			sourceTree = "<group>";
		};
		41BE3E501A22324500327340 /* Turn AroundTests */ = {
			isa = PBXGroup;
			children = (
				41BE3E531A22324500327340 /* Turn_AroundTests.m */,
				41BE3E511A22324500327340 /* Supporting Files */,
			);
			path = "Turn AroundTests";
			sourceTree = "<group>";
		};
		41BE3E511A22324500327340 /* Supporting Files */ = {
			isa = PBXGroup;
			children = (
				41BE3E521A22324500327340 /* Info.plist */,
			);
			name = "Supporting Files";
			sourceTree = "<group>";
		};
/* End PBXGroup section */

/* Begin PBXNativeTarget section */
		41BE3E331A22324400327340 /* Turn Around */ = {
			isa = PBXNativeTarget;
			buildConfigurationList = 41BE3E571A22324500327340 /* Build configuration list for PBXNativeTarget "Turn Around" */;
			buildPhases = (
				41BE3E301A22324400327340 /* Sources */,
				41BE3E311A22324400327340 /* Frameworks */,
				41BE3E321A22324400327340 /* Resources */,
			);
			buildRules = (
			);
			dependencies = (
			);
			name = "Turn Around";
			productName = "Turn Around";
			productReference = 41BE3E341A22324400327340 /* Turn Around.app */;
			productType = "com.apple.product-type.application";
		};
		41BE3E4C1A22324500327340 /* Turn AroundTests */ = {
			isa = PBXNativeTarget;
			buildConfigurationList = 41BE3E5A1A22324500327340 /* Build configuration list for PBXNativeTarget "Turn AroundTests" */;
			buildPhases = (
				41BE3E491A22324500327340 /* Sources */,
				41BE3E4A1A22324500327340 /* Frameworks */,
				41BE3E4B1A22324500327340 /* Resources */,
			);
			buildRules = (
			);
			dependencies = (
				41BE3E4F1A22324500327340 /* PBXTargetDependency */,
			);
			name = "Turn AroundTests";
			productName = "Turn AroundTests";
			productReference = 41BE3E4D1A22324500327340 /* Turn AroundTests.xctest */;
			productType = "com.apple.product-type.bundle.unit-test";
		};
/* End PBXNativeTarget section */

/* Begin PBXProject section */
		41BE3E2C1A22324300327340 /* Project object */ = {
			isa = PBXProject;
			attributes = {
				LastUpgradeCheck = 0610;
				ORGANIZATIONNAME = "Jian Yao Ang";
				TargetAttributes = {
					41BE3E331A22324400327340 = {
						CreatedOnToolsVersion = 6.1;
					};
					41BE3E4C1A22324500327340 = {
						CreatedOnToolsVersion = 6.1;
						TestTargetID = 41BE3E331A22324400327340;
					};
				};
			};
			buildConfigurationList = 41BE3E2F1A22324300327340 /* Build configuration list for PBXProject "Turn Around" */;
			compatibilityVersion = "Xcode 3.2";
			developmentRegion = English;
			hasScannedForEncodings = 0;
			knownRegions = (
				en,
				Base,
			);
			mainGroup = 41BE3E2B1A22324300327340;
			productRefGroup = 41BE3E351A22324400327340 /* Products */;
			projectDirPath = "";
			projectRoot = "";
			targets = (
				41BE3E331A22324400327340 /* Turn Around */,
				41BE3E4C1A22324500327340 /* Turn AroundTests */,
			);
		};
/* End PBXProject section */

/* Begin PBXResourcesBuildPhase section */
		41BE3E321A22324400327340 /* Resources */ = {
			isa = PBXResourcesBuildPhase;
			buildActionMask = 2147483647;
			files = (
				41BE3E431A22324400327340 /* Main.storyboard in Resources */,
				41BE3E481A22324500327340 /* LaunchScreen.xib in Resources */,
				41BE3E451A22324500327340 /* Images.xcassets in Resources */,
			);
			runOnlyForDeploymentPostprocessing = 0;
		};
		41BE3E4B1A22324500327340 /* Resources */ = {
			isa = PBXResourcesBuildPhase;
			buildActionMask = 2147483647;
			files = (
			);
			runOnlyForDeploymentPostprocessing = 0;
		};
/* End PBXResourcesBuildPhase section */

/* Begin PBXSourcesBuildPhase section */
		41BE3E301A22324400327340 /* Sources */ = {
			isa = PBXSourcesBuildPhase;
			buildActionMask = 2147483647;
			files = (
				41BE3E401A22324400327340 /* ViewController.m in Sources */,
				41BE3E3D1A22324400327340 /* AppDelegate.m in Sources */,
				41BE3E3A1A22324400327340 /* main.m in Sources */,
			);
			runOnlyForDeploymentPostprocessing = 0;
		};
		41BE3E491A22324500327340 /* Sources */ = {
			isa = PBXSourcesBuildPhase;
			buildActionMask = 2147483647;
			files = (
				41BE3E541A22324500327340 /* Turn_AroundTests.m in Sources */,
			);
			runOnlyForDeploymentPostprocessing = 0;
		};
/* End PBXSourcesBuildPhase section */

/* Begin PBXTargetDependency section */
		41BE3E4F1A22324500327340 /* PBXTargetDependency */ = {
			isa = PBXTargetDependency;
			target = 41BE3E331A22324400327340 /* Turn Around */;
			targetProxy = 41BE3E4E1A22324500327340 /* PBXContainerItemProxy */;
		};
/* End PBXTargetDependency section */

/* Begin PBXVariantGroup section */
		41BE3E411A22324400327340 /* Main.storyboard */ = {
			isa = PBXVariantGroup;
			children = (
				41BE3E421A22324400327340 /* Base */,
			);
			name = Main.storyboard;
			sourceTree = "<group>";
		};
		41BE3E461A22324500327340 /* LaunchScreen.xib */ = {
			isa = PBXVariantGroup;
			children = (
				41BE3E471A22324500327340 /* Base */,
			);
			name = LaunchScreen.xib;
			sourceTree = "<group>";
		};
/* End PBXVariantGroup section */

/* Begin XCBuildConfiguration section */
		41BE3E551A22324500327340 /* Debug */ = {
			isa = XCBuildConfiguration;
			buildSettings = {
				ALWAYS_SEARCH_USER_PATHS = NO;
				CLANG_CXX_LANGUAGE_STANDARD = "gnu++0x";
				CLANG_CXX_LIBRARY = "libc++";
				CLANG_ENABLE_MODULES = YES;
				CLANG_ENABLE_OBJC_ARC = YES;
				CLANG_WARN_BOOL_CONVERSION = YES;
				CLANG_WARN_CONSTANT_CONVERSION = YES;
				CLANG_WARN_DIRECT_OBJC_ISA_USAGE = YES_ERROR;
				CLANG_WARN_EMPTY_BODY = YES;
				CLANG_WARN_ENUM_CONVERSION = YES;
				CLANG_WARN_INT_CONVERSION = YES;
				CLANG_WARN_OBJC_ROOT_CLASS = YES_ERROR;
				CLANG_WARN_UNREACHABLE_CODE = YES;
				CLANG_WARN__DUPLICATE_METHOD_MATCH = YES;
				"CODE_SIGN_IDENTITY[sdk=iphoneos*]" = "iPhone Developer";
				COPY_PHASE_STRIP = NO;
				ENABLE_STRICT_OBJC_MSGSEND = YES;
				GCC_C_LANGUAGE_STANDARD = gnu99;
				GCC_DYNAMIC_NO_PIC = NO;
				GCC_OPTIMIZATION_LEVEL = 0;
				GCC_PREPROCESSOR_DEFINITIONS = (
					"DEBUG=1",
					"$(inherited)",
				);
				GCC_SYMBOLS_PRIVATE_EXTERN = NO;
				GCC_WARN_64_TO_32_BIT_CONVERSION = YES;
				GCC_WARN_ABOUT_RETURN_TYPE = YES_ERROR;
				GCC_WARN_UNDECLARED_SELECTOR = YES;
				GCC_WARN_UNINITIALIZED_AUTOS = YES_AGGRESSIVE;
				GCC_WARN_UNUSED_FUNCTION = YES;
				GCC_WARN_UNUSED_VARIABLE = YES;
				IPHONEOS_DEPLOYMENT_TARGET = 8.1;
				MTL_ENABLE_DEBUG_INFO = YES;
				ONLY_ACTIVE_ARCH = YES;
				SDKROOT = iphoneos;
			};
			name = Debug;
		};
		41BE3E561A22324500327340 /* Release */ = {
			isa = XCBuildConfiguration;
			buildSettings = {
				ALWAYS_SEARCH_USER_PATHS = NO;
				CLANG_CXX_LANGUAGE_STANDARD = "gnu++0x";
				CLANG_CXX_LIBRARY = "libc++";
				CLANG_ENABLE_MODULES = YES;
				CLANG_ENABLE_OBJC_ARC = YES;
				CLANG_WARN_BOOL_CONVERSION = YES;
				CLANG_WARN_CONSTANT_CONVERSION = YES;
				CLANG_WARN_DIRECT_OBJC_ISA_USAGE = YES_ERROR;
				CLANG_WARN_EMPTY_BODY = YES;
				CLANG_WARN_ENUM_CONVERSION = YES;
				CLANG_WARN_INT_CONVERSION = YES;
				CLANG_WARN_OBJC_ROOT_CLASS = YES_ERROR;
				CLANG_WARN_UNREACHABLE_CODE = YES;
				CLANG_WARN__DUPLICATE_METHOD_MATCH = YES;
				"CODE_SIGN_IDENTITY[sdk=iphoneos*]" = "iPhone Developer";
				COPY_PHASE_STRIP = YES;
				ENABLE_NS_ASSERTIONS = NO;
				ENABLE_STRICT_OBJC_MSGSEND = YES;
				GCC_C_LANGUAGE_STANDARD = gnu99;
				GCC_WARN_64_TO_32_BIT_CONVERSION = YES;
				GCC_WARN_ABOUT_RETURN_TYPE = YES_ERROR;
				GCC_WARN_UNDECLARED_SELECTOR = YES;
				GCC_WARN_UNINITIALIZED_AUTOS = YES_AGGRESSIVE;
				GCC_WARN_UNUSED_FUNCTION = YES;
				GCC_WARN_UNUSED_VARIABLE = YES;
				IPHONEOS_DEPLOYMENT_TARGET = 8.1;
				MTL_ENABLE_DEBUG_INFO = NO;
				SDKROOT = iphoneos;
				VALIDATE_PRODUCT = YES;
			};
			name = Release;
		};
		41BE3E581A22324500327340 /* Debug */ = {
			isa = XCBuildConfiguration;
			buildSettings = {
				ASSETCATALOG_COMPILER_APPICON_NAME = AppIcon;
				INFOPLIST_FILE = "Turn Around/Info.plist";
				LD_RUNPATH_SEARCH_PATHS = "$(inherited) @executable_path/Frameworks";
				PRODUCT_NAME = "$(TARGET_NAME)";
			};
			name = Debug;
		};
		41BE3E591A22324500327340 /* Release */ = {
			isa = XCBuildConfiguration;
			buildSettings = {
				ASSETCATALOG_COMPILER_APPICON_NAME = AppIcon;
				INFOPLIST_FILE = "Turn Around/Info.plist";
				LD_RUNPATH_SEARCH_PATHS = "$(inherited) @executable_path/Frameworks";
				PRODUCT_NAME = "$(TARGET_NAME)";
			};
			name = Release;
		};
		41BE3E5B1A22324500327340 /* Debug */ = {
			isa = XCBuildConfiguration;
			buildSettings = {
				BUNDLE_LOADER = "$(TEST_HOST)";
				FRAMEWORK_SEARCH_PATHS = (
					"$(SDKROOT)/Developer/Library/Frameworks",
					"$(inherited)",
				);
				GCC_PREPROCESSOR_DEFINITIONS = (
					"DEBUG=1",
					"$(inherited)",
				);
				INFOPLIST_FILE = "Turn AroundTests/Info.plist";
				LD_RUNPATH_SEARCH_PATHS = "$(inherited) @executable_path/Frameworks @loader_path/Frameworks";
				PRODUCT_NAME = "$(TARGET_NAME)";
				TEST_HOST = "$(BUILT_PRODUCTS_DIR)/Turn Around.app/Turn Around";
			};
			name = Debug;
		};
		41BE3E5C1A22324500327340 /* Release */ = {
			isa = XCBuildConfiguration;
			buildSettings = {
				BUNDLE_LOADER = "$(TEST_HOST)";
				FRAMEWORK_SEARCH_PATHS = (
					"$(SDKROOT)/Developer/Library/Frameworks",
					"$(inherited)",
				);
				INFOPLIST_FILE = "Turn AroundTests/Info.plist";
				LD_RUNPATH_SEARCH_PATHS = "$(inherited) @executable_path/Frameworks @loader_path/Frameworks";
				PRODUCT_NAME = "$(TARGET_NAME)";
				TEST_HOST = "$(BUILT_PRODUCTS_DIR)/Turn Around.app/Turn Around";
			};
			name = Release;
		};
/* End XCBuildConfiguration section */

/* Begin XCConfigurationList section */
		41BE3E2F1A22324300327340 /* Build configuration list for PBXProject "Turn Around" */ = {
			isa = XCConfigurationList;
			buildConfigurations = (
				41BE3E551A22324500327340 /* Debug */,
				41BE3E561A22324500327340 /* Release */,
			);
			defaultConfigurationIsVisible = 0;
			defaultConfigurationName = Release;
		};
		41BE3E571A22324500327340 /* Build configuration list for PBXNativeTarget "Turn Around" */ = {
			isa = XCConfigurationList;
			buildConfigurations = (
				41BE3E581A22324500327340 /* Debug */,
				41BE3E591A22324500327340 /* Release */,
			);
			defaultConfigurationIsVisible = 0;
		};
		41BE3E5A1A22324500327340 /* Build configuration list for PBXNativeTarget "Turn AroundTests" */ = {
			isa = XCConfigurationList;
			buildConfigurations = (
				41BE3E5B1A22324500327340 /* Debug */,
				41BE3E5C1A22324500327340 /* Release */,
			);
			defaultConfigurationIsVisible = 0;
		};
/* End XCConfigurationList section */
	};
	rootObject = 41BE3E2C1A22324300327340 /* Project object */;
}
